Microsoft Visual Studio Solution File, Format Version 12.00
# Visual Studio Version 17
VisualStudioVersion = 17.5.2.0
MinimumVisualStudioVersion = 10.0.40219.1
Project("{FAE04EC0-301F-11D3-BF4B-00C04F79EFBC}") = "semana05", "semana05.csproj", "{CD63AB18-FBE6-4BB5-D617-F976A63358D4}"
EndProject
Global
	GlobalSection(SolutionConfigurationPlatforms) = preSolution
		Debug|Any CPU = Debug|Any CPU
		Release|Any CPU = Release|Any CPU
	EndGlobalSection
	GlobalSection(ProjectConfigurationPlatforms) = postSolution
		{CD63AB18-FBE6-4BB5-D617-F976A63358D4}.Debug|Any CPU.ActiveCfg = Debug|Any CPU
		{CD63AB18-FBE6-4BB5-D617-F976A63358D4}.Debug|Any CPU.Build.0 = Debug|Any CPU
		{CD63AB18-FBE6-4BB5-D617-F976A63358D4}.Release|Any CPU.ActiveCfg = Release|Any CPU
		{CD63AB18-FBE6-4BB5-D617-F976A63358D4}.Release|Any CPU.Build.0 = Release|Any CPU
	EndGlobalSection
	GlobalSection(SolutionProperties) = preSolution
		HideSolutionNode = FALSE
	EndGlobalSection
	GlobalSection(ExtensibilityGlobals) = postSolution
		SolutionGuid = {9AC2CA34-B720-4C08-8C2B-13ED0E43E4B2}
	EndGlobalSection
EndGlobal
