Microsoft Visual Studio Solution File, Format Version 12.00
# Visual Studio Version 17
VisualStudioVersion = 17.5.2.0
MinimumVisualStudioVersion = 10.0.40219.1
Project("{FAE04EC0-301F-11D3-BF4B-00C04F79EFBC}") = "ejercicio02", "ejercicio02.csproj", "{9BA4BF16-C4CF-AA53-8CE0-DCD771D19675}"
EndProject
Global
	GlobalSection(SolutionConfigurationPlatforms) = preSolution
		Debug|Any CPU = Debug|Any CPU
		Release|Any CPU = Release|Any CPU
	EndGlobalSection
	GlobalSection(ProjectConfigurationPlatforms) = postSolution
		{9BA4BF16-C4CF-AA53-8CE0-DCD771D19675}.Debug|Any CPU.ActiveCfg = Debug|Any CPU
		{9BA4BF16-C4CF-AA53-8CE0-DCD771D19675}.Debug|Any CPU.Build.0 = Debug|Any CPU
		{9BA4BF16-C4CF-AA53-8CE0-DCD771D19675}.Release|Any CPU.ActiveCfg = Release|Any CPU
		{9BA4BF16-C4CF-AA53-8CE0-DCD771D19675}.Release|Any CPU.Build.0 = Release|Any CPU
	EndGlobalSection
	GlobalSection(SolutionProperties) = preSolution
		HideSolutionNode = FALSE
	EndGlobalSection
	GlobalSection(ExtensibilityGlobals) = postSolution
		SolutionGuid = {803BDF33-0F59-42A5-9522-7D1713D60782}
	EndGlobalSection
EndGlobal
