Microsoft Visual Studio Solution File, Format Version 12.00
# Visual Studio Version 17
VisualStudioVersion = 17.5.2.0
MinimumVisualStudioVersion = 10.0.40219.1
Project("{FAE04EC0-301F-11D3-BF4B-00C04F79EFBC}") = "ejercicio03", "ejercicio03.csproj", "{0ED9AE66-5150-93AC-EC61-FAD734C08191}"
EndProject
Global
	GlobalSection(SolutionConfigurationPlatforms) = preSolution
		Debug|Any CPU = Debug|Any CPU
		Release|Any CPU = Release|Any CPU
	EndGlobalSection
	GlobalSection(ProjectConfigurationPlatforms) = postSolution
		{0ED9AE66-5150-93AC-EC61-FAD734C08191}.Debug|Any CPU.ActiveCfg = Debug|Any CPU
		{0ED9AE66-5150-93AC-EC61-FAD734C08191}.Debug|Any CPU.Build.0 = Debug|Any CPU
		{0ED9AE66-5150-93AC-EC61-FAD734C08191}.Release|Any CPU.ActiveCfg = Release|Any CPU
		{0ED9AE66-5150-93AC-EC61-FAD734C08191}.Release|Any CPU.Build.0 = Release|Any CPU
	EndGlobalSection
	GlobalSection(SolutionProperties) = preSolution
		HideSolutionNode = FALSE
	EndGlobalSection
	GlobalSection(ExtensibilityGlobals) = postSolution
		SolutionGuid = {652A8348-B161-4043-AEBF-694E60367BCC}
	EndGlobalSection
EndGlobal
